
Microsoft Visual Studio Solution File, Format Version 12.00
# Visual Studio Version 16
VisualStudioVersion = 16.0.30907.101
MinimumVisualStudioVersion = 10.0.40219.1
Project("{9A19103F-16F7-4668-BE54-9A1E7A4F7556}") = "GildedRoseChallenge", "GildedRoseChallenge\GildedRoseChallenge.csproj", "{970ECF23-5B05-47F2-A533-B55F74815B3F}"
EndProject
Project("{FAE04EC0-301F-11D3-BF4B-00C04F79EFBC}") = "GildedRoseChallenge_Test", "GildedRoseChallenge_Test\GildedRoseChallenge_Test.csproj", "{C6FA49BD-BE8D-4493-93AA-E698975DF00D}"
EndProject
Project("{FAE04EC0-301F-11D3-BF4B-00C04F79EFBC}") = "GildedRoseAPI", "GildedRoseAPI\GildedRoseAPI.csproj", "{A2F9FC0C-2E20-429C-AD1B-C936AE4C828D}"
EndProject
Global
	GlobalSection(SolutionConfigurationPlatforms) = preSolution
		Debug|Any CPU = Debug|Any CPU
		Release|Any CPU = Release|Any CPU
	EndGlobalSection
	GlobalSection(ProjectConfigurationPlatforms) = postSolution
		{970ECF23-5B05-47F2-A533-B55F74815B3F}.Debug|Any CPU.ActiveCfg = Debug|Any CPU
		{970ECF23-5B05-47F2-A533-B55F74815B3F}.Debug|Any CPU.Build.0 = Debug|Any CPU
		{970ECF23-5B05-47F2-A533-B55F74815B3F}.Release|Any CPU.ActiveCfg = Release|Any CPU
		{970ECF23-5B05-47F2-A533-B55F74815B3F}.Release|Any CPU.Build.0 = Release|Any CPU
		{C6FA49BD-BE8D-4493-93AA-E698975DF00D}.Debug|Any CPU.ActiveCfg = Debug|Any CPU
		{C6FA49BD-BE8D-4493-93AA-E698975DF00D}.Debug|Any CPU.Build.0 = Debug|Any CPU
		{C6FA49BD-BE8D-4493-93AA-E698975DF00D}.Release|Any CPU.ActiveCfg = Release|Any CPU
		{C6FA49BD-BE8D-4493-93AA-E698975DF00D}.Release|Any CPU.Build.0 = Release|Any CPU
		{A2F9FC0C-2E20-429C-AD1B-C936AE4C828D}.Debug|Any CPU.ActiveCfg = Debug|Any CPU
		{A2F9FC0C-2E20-429C-AD1B-C936AE4C828D}.Debug|Any CPU.Build.0 = Debug|Any CPU
		{A2F9FC0C-2E20-429C-AD1B-C936AE4C828D}.Release|Any CPU.ActiveCfg = Release|Any CPU
		{A2F9FC0C-2E20-429C-AD1B-C936AE4C828D}.Release|Any CPU.Build.0 = Release|Any CPU
	EndGlobalSection
	GlobalSection(SolutionProperties) = preSolution
		HideSolutionNode = FALSE
	EndGlobalSection
	GlobalSection(ExtensibilityGlobals) = postSolution
		SolutionGuid = {29DED8A9-39CA-4F82-AC15-E3AAF449E9A0}
	EndGlobalSection
EndGlobal
